
Microsoft Visual Studio Solution File, Format Version 12.00
# Visual Studio Version 16
VisualStudioVersion = 16.0.31515.178
MinimumVisualStudioVersion = 10.0.40219.1
Project("{9A19103F-16F7-4668-BE54-9A1E7A4F7556}") = "Server", "SocketsSimpleServer\Server.csproj", "{C3D99823-9620-4CF4-9753-136BD60C6641}"
EndProject
Project("{9A19103F-16F7-4668-BE54-9A1E7A4F7556}") = "Client", "SocketSimpleClient\Client.csproj", "{84D35DBB-74E6-4DC9-A22E-42486902A655}"
EndProject
Project("{9A19103F-16F7-4668-BE54-9A1E7A4F7556}") = "Protocol", "Protocol\Protocol.csproj", "{4ACBD1A8-337C-401C-98F8-D35705E562DF}"
EndProject
Project("{9A19103F-16F7-4668-BE54-9A1E7A4F7556}") = "Bussiness", "Bussiness\Bussiness.csproj", "{F0BEAD1B-A758-45E8-829C-4FB0BDC37CE6}"
EndProject
Project("{9A19103F-16F7-4668-BE54-9A1E7A4F7556}") = "File", "Files\File.csproj", "{FB7733B3-0182-4F7A-A81A-CFD70CAAC03C}"
EndProject
Project("{9A19103F-16F7-4668-BE54-9A1E7A4F7556}") = "WebApi", "WebApi\WebApi.csproj", "{E6300C05-CEFD-4D63-8BD4-090EBB0B94A5}"
EndProject
Project("{9A19103F-16F7-4668-BE54-9A1E7A4F7556}") = "BusinessLogic", "BusinessLogic\BusinessLogic.csproj", "{6EED2057-3E82-4415-B62C-62C071137E86}"
EndProject
Project("{9A19103F-16F7-4668-BE54-9A1E7A4F7556}") = "BusinessLogicInterface", "BusinessLogicInterface\BusinessLogicInterface.csproj", "{0CA34D59-F77A-4AF2-A422-D358EF4133B9}"
EndProject
Project("{9A19103F-16F7-4668-BE54-9A1E7A4F7556}") = "Factory", "Factory\Factory.csproj", "{89330C7E-A2CA-41B0-A337-D0A1ABAD2756}"
EndProject
Project("{9A19103F-16F7-4668-BE54-9A1E7A4F7556}") = "DataAccess", "DataAccess\DataAccess.csproj", "{EE69798A-462C-467E-A616-466CD2345837}"
EndProject
Project("{9A19103F-16F7-4668-BE54-9A1E7A4F7556}") = "DataAccessInterface", "DataAccessInterface\DataAccessInterface.csproj", "{9A1FD032-D9B9-4898-BB63-57E8C9BEBE4E}"
EndProject
Project("{9A19103F-16F7-4668-BE54-9A1E7A4F7556}") = "ServerAdmin", "ServerAdmin\ServerAdmin.csproj", "{D169A607-DF01-458B-B548-A42A49535F2D}"
EndProject
Project("{9A19103F-16F7-4668-BE54-9A1E7A4F7556}") = "LogProducerConsumer", "LogProducerConsumer\LogProducerConsumer.csproj", "{0B667DD6-B1A9-4642-A7D7-8D5FE10EEC10}"
EndProject
Project("{9A19103F-16F7-4668-BE54-9A1E7A4F7556}") = "WebApiLogs", "WebApiLogs\WebApiLogs.csproj", "{713C9229-7CF3-488D-8B81-93A7104528A5}"
EndProject
Project("{9A19103F-16F7-4668-BE54-9A1E7A4F7556}") = "Model", "Model\Model.csproj", "{CA2DECB0-2741-4D9B-8E1F-5ABF9FFD0D71}"
EndProject
Global
	GlobalSection(SolutionConfigurationPlatforms) = preSolution
		Debug|Any CPU = Debug|Any CPU
		Release|Any CPU = Release|Any CPU
	EndGlobalSection
	GlobalSection(ProjectConfigurationPlatforms) = postSolution
		{C3D99823-9620-4CF4-9753-136BD60C6641}.Debug|Any CPU.ActiveCfg = Debug|Any CPU
		{C3D99823-9620-4CF4-9753-136BD60C6641}.Debug|Any CPU.Build.0 = Debug|Any CPU
		{C3D99823-9620-4CF4-9753-136BD60C6641}.Release|Any CPU.ActiveCfg = Release|Any CPU
		{C3D99823-9620-4CF4-9753-136BD60C6641}.Release|Any CPU.Build.0 = Release|Any CPU
		{84D35DBB-74E6-4DC9-A22E-42486902A655}.Debug|Any CPU.ActiveCfg = Debug|Any CPU
		{84D35DBB-74E6-4DC9-A22E-42486902A655}.Debug|Any CPU.Build.0 = Debug|Any CPU
		{84D35DBB-74E6-4DC9-A22E-42486902A655}.Release|Any CPU.ActiveCfg = Release|Any CPU
		{84D35DBB-74E6-4DC9-A22E-42486902A655}.Release|Any CPU.Build.0 = Release|Any CPU
		{4ACBD1A8-337C-401C-98F8-D35705E562DF}.Debug|Any CPU.ActiveCfg = Debug|Any CPU
		{4ACBD1A8-337C-401C-98F8-D35705E562DF}.Debug|Any CPU.Build.0 = Debug|Any CPU
		{4ACBD1A8-337C-401C-98F8-D35705E562DF}.Release|Any CPU.ActiveCfg = Release|Any CPU
		{4ACBD1A8-337C-401C-98F8-D35705E562DF}.Release|Any CPU.Build.0 = Release|Any CPU
		{F0BEAD1B-A758-45E8-829C-4FB0BDC37CE6}.Debug|Any CPU.ActiveCfg = Debug|Any CPU
		{F0BEAD1B-A758-45E8-829C-4FB0BDC37CE6}.Debug|Any CPU.Build.0 = Debug|Any CPU
		{F0BEAD1B-A758-45E8-829C-4FB0BDC37CE6}.Release|Any CPU.ActiveCfg = Release|Any CPU
		{F0BEAD1B-A758-45E8-829C-4FB0BDC37CE6}.Release|Any CPU.Build.0 = Release|Any CPU
		{FB7733B3-0182-4F7A-A81A-CFD70CAAC03C}.Debug|Any CPU.ActiveCfg = Debug|Any CPU
		{FB7733B3-0182-4F7A-A81A-CFD70CAAC03C}.Debug|Any CPU.Build.0 = Debug|Any CPU
		{FB7733B3-0182-4F7A-A81A-CFD70CAAC03C}.Release|Any CPU.ActiveCfg = Release|Any CPU
		{FB7733B3-0182-4F7A-A81A-CFD70CAAC03C}.Release|Any CPU.Build.0 = Release|Any CPU
		{E6300C05-CEFD-4D63-8BD4-090EBB0B94A5}.Debug|Any CPU.ActiveCfg = Debug|Any CPU
		{E6300C05-CEFD-4D63-8BD4-090EBB0B94A5}.Debug|Any CPU.Build.0 = Debug|Any CPU
		{E6300C05-CEFD-4D63-8BD4-090EBB0B94A5}.Release|Any CPU.ActiveCfg = Release|Any CPU
		{E6300C05-CEFD-4D63-8BD4-090EBB0B94A5}.Release|Any CPU.Build.0 = Release|Any CPU
		{6EED2057-3E82-4415-B62C-62C071137E86}.Debug|Any CPU.ActiveCfg = Debug|Any CPU
		{6EED2057-3E82-4415-B62C-62C071137E86}.Debug|Any CPU.Build.0 = Debug|Any CPU
		{6EED2057-3E82-4415-B62C-62C071137E86}.Release|Any CPU.ActiveCfg = Release|Any CPU
		{6EED2057-3E82-4415-B62C-62C071137E86}.Release|Any CPU.Build.0 = Release|Any CPU
		{0CA34D59-F77A-4AF2-A422-D358EF4133B9}.Debug|Any CPU.ActiveCfg = Debug|Any CPU
		{0CA34D59-F77A-4AF2-A422-D358EF4133B9}.Debug|Any CPU.Build.0 = Debug|Any CPU
		{0CA34D59-F77A-4AF2-A422-D358EF4133B9}.Release|Any CPU.ActiveCfg = Release|Any CPU
		{0CA34D59-F77A-4AF2-A422-D358EF4133B9}.Release|Any CPU.Build.0 = Release|Any CPU
		{89330C7E-A2CA-41B0-A337-D0A1ABAD2756}.Debug|Any CPU.ActiveCfg = Debug|Any CPU
		{89330C7E-A2CA-41B0-A337-D0A1ABAD2756}.Debug|Any CPU.Build.0 = Debug|Any CPU
		{89330C7E-A2CA-41B0-A337-D0A1ABAD2756}.Release|Any CPU.ActiveCfg = Release|Any CPU
		{89330C7E-A2CA-41B0-A337-D0A1ABAD2756}.Release|Any CPU.Build.0 = Release|Any CPU
		{EE69798A-462C-467E-A616-466CD2345837}.Debug|Any CPU.ActiveCfg = Debug|Any CPU
		{EE69798A-462C-467E-A616-466CD2345837}.Debug|Any CPU.Build.0 = Debug|Any CPU
		{EE69798A-462C-467E-A616-466CD2345837}.Release|Any CPU.ActiveCfg = Release|Any CPU
		{EE69798A-462C-467E-A616-466CD2345837}.Release|Any CPU.Build.0 = Release|Any CPU
		{9A1FD032-D9B9-4898-BB63-57E8C9BEBE4E}.Debug|Any CPU.ActiveCfg = Debug|Any CPU
		{9A1FD032-D9B9-4898-BB63-57E8C9BEBE4E}.Debug|Any CPU.Build.0 = Debug|Any CPU
		{9A1FD032-D9B9-4898-BB63-57E8C9BEBE4E}.Release|Any CPU.ActiveCfg = Release|Any CPU
		{9A1FD032-D9B9-4898-BB63-57E8C9BEBE4E}.Release|Any CPU.Build.0 = Release|Any CPU
		{D169A607-DF01-458B-B548-A42A49535F2D}.Debug|Any CPU.ActiveCfg = Debug|Any CPU
		{D169A607-DF01-458B-B548-A42A49535F2D}.Debug|Any CPU.Build.0 = Debug|Any CPU
		{D169A607-DF01-458B-B548-A42A49535F2D}.Release|Any CPU.ActiveCfg = Release|Any CPU
		{D169A607-DF01-458B-B548-A42A49535F2D}.Release|Any CPU.Build.0 = Release|Any CPU
		{0B667DD6-B1A9-4642-A7D7-8D5FE10EEC10}.Debug|Any CPU.ActiveCfg = Debug|Any CPU
		{0B667DD6-B1A9-4642-A7D7-8D5FE10EEC10}.Debug|Any CPU.Build.0 = Debug|Any CPU
		{0B667DD6-B1A9-4642-A7D7-8D5FE10EEC10}.Release|Any CPU.ActiveCfg = Release|Any CPU
		{0B667DD6-B1A9-4642-A7D7-8D5FE10EEC10}.Release|Any CPU.Build.0 = Release|Any CPU
		{713C9229-7CF3-488D-8B81-93A7104528A5}.Debug|Any CPU.ActiveCfg = Debug|Any CPU
		{713C9229-7CF3-488D-8B81-93A7104528A5}.Debug|Any CPU.Build.0 = Debug|Any CPU
		{713C9229-7CF3-488D-8B81-93A7104528A5}.Release|Any CPU.ActiveCfg = Release|Any CPU
		{713C9229-7CF3-488D-8B81-93A7104528A5}.Release|Any CPU.Build.0 = Release|Any CPU
		{CA2DECB0-2741-4D9B-8E1F-5ABF9FFD0D71}.Debug|Any CPU.ActiveCfg = Debug|Any CPU
		{CA2DECB0-2741-4D9B-8E1F-5ABF9FFD0D71}.Debug|Any CPU.Build.0 = Debug|Any CPU
		{CA2DECB0-2741-4D9B-8E1F-5ABF9FFD0D71}.Release|Any CPU.ActiveCfg = Release|Any CPU
		{CA2DECB0-2741-4D9B-8E1F-5ABF9FFD0D71}.Release|Any CPU.Build.0 = Release|Any CPU
	EndGlobalSection
	GlobalSection(SolutionProperties) = preSolution
		HideSolutionNode = FALSE
	EndGlobalSection
	GlobalSection(ExtensibilityGlobals) = postSolution
		SolutionGuid = {9A9DE5BF-00A9-42C0-A21D-17370BB41AFF}
	EndGlobalSection
EndGlobal
